
Microsoft Visual Studio Solution File, Format Version 12.00
# Visual Studio Version 17
VisualStudioVersion = 17.5.33627.172
MinimumVisualStudioVersion = 10.0.40219.1
Project("{FAE04EC0-301F-11D3-BF4B-00C04F79EFBC}") = "AwsApi", "AwsApi\AwsApi.csproj", "{ED069E3B-F99A-4B68-9BDA-D67ED7B4DDE0}"
EndProject
Global
	GlobalSection(SolutionConfigurationPlatforms) = preSolution
		Debug|Any CPU = Debug|Any CPU
		Release|Any CPU = Release|Any CPU
	EndGlobalSection
	GlobalSection(ProjectConfigurationPlatforms) = postSolution
		{ED069E3B-F99A-4B68-9BDA-D67ED7B4DDE0}.Debug|Any CPU.ActiveCfg = Debug|Any CPU
		{ED069E3B-F99A-4B68-9BDA-D67ED7B4DDE0}.Debug|Any CPU.Build.0 = Debug|Any CPU
		{ED069E3B-F99A-4B68-9BDA-D67ED7B4DDE0}.Release|Any CPU.ActiveCfg = Release|Any CPU
		{ED069E3B-F99A-4B68-9BDA-D67ED7B4DDE0}.Release|Any CPU.Build.0 = Release|Any CPU
	EndGlobalSection
	GlobalSection(SolutionProperties) = preSolution
		HideSolutionNode = FALSE
	EndGlobalSection
	GlobalSection(ExtensibilityGlobals) = postSolution
		SolutionGuid = {134E49B3-4BCA-4542-AE45-E3803D5FF612}
	EndGlobalSection
EndGlobal
